
Microsoft Visual Studio Solution File, Format Version 12.00
# Visual Studio Version 17
VisualStudioVersion = 17.12.35521.163 d17.12
MinimumVisualStudioVersion = 10.0.40219.1
Project("{FAE04EC0-301F-11D3-BF4B-00C04F79EFBC}") = "grafuri2.0", "grafuri2.0\grafuri2.0.csproj", "{373DF94D-11F8-4A77-BA0D-03C1DDB9ACDD}"
EndProject
Global
	GlobalSection(SolutionConfigurationPlatforms) = preSolution
		Debug|Any CPU = Debug|Any CPU
		Release|Any CPU = Release|Any CPU
	EndGlobalSection
	GlobalSection(ProjectConfigurationPlatforms) = postSolution
		{373DF94D-11F8-4A77-BA0D-03C1DDB9ACDD}.Debug|Any CPU.ActiveCfg = Debug|Any CPU
		{373DF94D-11F8-4A77-BA0D-03C1DDB9ACDD}.Debug|Any CPU.Build.0 = Debug|Any CPU
		{373DF94D-11F8-4A77-BA0D-03C1DDB9ACDD}.Release|Any CPU.ActiveCfg = Release|Any CPU
		{373DF94D-11F8-4A77-BA0D-03C1DDB9ACDD}.Release|Any CPU.Build.0 = Release|Any CPU
	EndGlobalSection
	GlobalSection(SolutionProperties) = preSolution
		HideSolutionNode = FALSE
	EndGlobalSection
EndGlobal
